// !$*UTF8*$!
{
	archiveVersion = 1;
	classes = {
	};
	objectVersion = 46;
	objects = {

/* Begin PBXBuildFile section */
		8842D6741C96A0D00053A633 /* DetailTableViewController.swift in Sources */ = {isa = PBXBuildFile; fileRef = 8842D6731C96A0D00053A633 /* DetailTableViewController.swift */; };
		8842D6761C96A75F0053A633 /* DetailTableViewCell.swift in Sources */ = {isa = PBXBuildFile; fileRef = 8842D6751C96A75F0053A633 /* DetailTableViewCell.swift */; };
		8842D6861C9903C40053A633 /* Main.storyboard in Resources */ = {isa = PBXBuildFile; fileRef = 8842D6841C9903C40053A633 /* Main.storyboard */; };
		8842D6881C9936890053A633 /* ReviewViewController.swift in Sources */ = {isa = PBXBuildFile; fileRef = 8842D6871C9936890053A633 /* ReviewViewController.swift */; };
		8842D68C1C994C680053A633 /* MapViewController.swift in Sources */ = {isa = PBXBuildFile; fileRef = 8842D68B1C994C680053A633 /* MapViewController.swift */; };
		8842D6901C9A80CD0053A633 /* addNewTableViewController.swift in Sources */ = {isa = PBXBuildFile; fileRef = 8842D68F1C9A80CD0053A633 /* addNewTableViewController.swift */; };
		8842D6981C9A995C0053A633 /* foodpinTests.swift in Sources */ = {isa = PBXBuildFile; fileRef = 8842D6971C9A995C0053A633 /* foodpinTests.swift */; };
		8842D6C21C9AA7EB0053A633 /* foodpin.xcdatamodeld in Sources */ = {isa = PBXBuildFile; fileRef = 8842D6C01C9AA7EB0053A633 /* foodpin.xcdatamodeld */; };
		8842D6C51C9AA9DF0053A633 /* Restaurant+CoreDataProperties.swift in Sources */ = {isa = PBXBuildFile; fileRef = 8842D6C31C9AA9DF0053A633 /* Restaurant+CoreDataProperties.swift */; };
		8842D6C61C9AA9DF0053A633 /* Restaurant.swift in Sources */ = {isa = PBXBuildFile; fileRef = 8842D6C41C9AA9DF0053A633 /* Restaurant.swift */; };
		8861F1E71C96640C0042CEDF /* DtailViewConViewController.swift in Sources */ = {isa = PBXBuildFile; fileRef = 8861F1E61C96640C0042CEDF /* DtailViewConViewController.swift */; };
		8861F1E91C968B220042CEDF /* Restaurant1.swift in Sources */ = {isa = PBXBuildFile; fileRef = 8861F1E81C968B220042CEDF /* Restaurant1.swift */; };
		88999CC51C8D63F700602D2F /* AppDelegate.swift in Sources */ = {isa = PBXBuildFile; fileRef = 88999CC41C8D63F700602D2F /* AppDelegate.swift */; };
		88999CCC1C8D63F700602D2F /* Assets.xcassets in Resources */ = {isa = PBXBuildFile; fileRef = 88999CCB1C8D63F700602D2F /* Assets.xcassets */; };
		88999CCF1C8D63F700602D2F /* LaunchScreen.storyboard in Resources */ = {isa = PBXBuildFile; fileRef = 88999CCD1C8D63F700602D2F /* LaunchScreen.storyboard */; };
		88999CD71C8D652B00602D2F /* RestaurantTableViewController.swift in Sources */ = {isa = PBXBuildFile; fileRef = 88999CD61C8D652B00602D2F /* RestaurantTableViewController.swift */; };
		88999CD91C8D700400602D2F /* CustomTableViewCell.swift in Sources */ = {isa = PBXBuildFile; fileRef = 88999CD81C8D700400602D2F /* CustomTableViewCell.swift */; };
/* End PBXBuildFile section */

/* Begin PBXContainerItemProxy section */
		8842D69A1C9A995C0053A633 /* PBXContainerItemProxy */ = {
			isa = PBXContainerItemProxy;
			containerPortal = 88999CB91C8D63F700602D2F /* Project object */;
			proxyType = 1;
			remoteGlobalIDString = 88999CC01C8D63F700602D2F;
			remoteInfo = foodpin;
		};
/* End PBXContainerItemProxy section */

/* Begin PBXFileReference section */
		8842D6731C96A0D00053A633 /* DetailTableViewController.swift */ = {isa = PBXFileReference; fileEncoding = 4; lastKnownFileType = sourcecode.swift; path = DetailTableViewController.swift; sourceTree = "<group>"; };
		8842D6751C96A75F0053A633 /* DetailTableViewCell.swift */ = {isa = PBXFileReference; fileEncoding = 4; lastKnownFileType = sourcecode.swift; path = DetailTableViewCell.swift; sourceTree = "<group>"; };
		8842D6851C9903C40053A633 /* Base */ = {isa = PBXFileReference; lastKnownFileType = file.storyboard; name = Base; path = Base.lproj/Main.storyboard; sourceTree = "<group>"; };
		8842D6871C9936890053A633 /* ReviewViewController.swift */ = {isa = PBXFileReference; fileEncoding = 4; lastKnownFileType = sourcecode.swift; path = ReviewViewController.swift; sourceTree = "<group>"; };
		8842D6891C9948D30053A633 /* MapKit.framework */ = {isa = PBXFileReference; lastKnownFileType = wrapper.framework; name = MapKit.framework; path = System/Library/Frameworks/MapKit.framework; sourceTree = SDKROOT; };
		8842D68B1C994C680053A633 /* MapViewController.swift */ = {isa = PBXFileReference; fileEncoding = 4; lastKnownFileType = sourcecode.swift; path = MapViewController.swift; sourceTree = "<group>"; };
		8842D68F1C9A80CD0053A633 /* addNewTableViewController.swift */ = {isa = PBXFileReference; fileEncoding = 4; lastKnownFileType = sourcecode.swift; path = addNewTableViewController.swift; sourceTree = "<group>"; };
		8842D6951C9A995C0053A633 /* foodpinTests.xctest */ = {isa = PBXFileReference; explicitFileType = wrapper.cfbundle; includeInIndex = 0; path = foodpinTests.xctest; sourceTree = BUILT_PRODUCTS_DIR; };
		8842D6971C9A995C0053A633 /* foodpinTests.swift */ = {isa = PBXFileReference; lastKnownFileType = sourcecode.swift; path = foodpinTests.swift; sourceTree = "<group>"; };
		8842D6991C9A995C0053A633 /* Info.plist */ = {isa = PBXFileReference; lastKnownFileType = text.plist.xml; path = Info.plist; sourceTree = "<group>"; };
		8842D6C11C9AA7EB0053A633 /* foodpin.xcdatamodel */ = {isa = PBXFileReference; lastKnownFileType = wrapper.xcdatamodel; path = foodpin.xcdatamodel; sourceTree = "<group>"; };
		8842D6C31C9AA9DF0053A633 /* Restaurant+CoreDataProperties.swift */ = {isa = PBXFileReference; fileEncoding = 4; lastKnownFileType = sourcecode.swift; path = "Restaurant+CoreDataProperties.swift"; sourceTree = "<group>"; };
		8842D6C41C9AA9DF0053A633 /* Restaurant.swift */ = {isa = PBXFileReference; fileEncoding = 4; lastKnownFileType = sourcecode.swift; path = Restaurant.swift; sourceTree = "<group>"; };
		8861F1E61C96640C0042CEDF /* DtailViewConViewController.swift */ = {isa = PBXFileReference; fileEncoding = 4; lastKnownFileType = sourcecode.swift; path = DtailViewConViewController.swift; sourceTree = "<group>"; };
		8861F1E81C968B220042CEDF /* Restaurant1.swift */ = {isa = PBXFileReference; fileEncoding = 4; lastKnownFileType = sourcecode.swift; path = Restaurant1.swift; sourceTree = "<group>"; };
		88999CC11C8D63F700602D2F /* foodpin.app */ = {isa = PBXFileReference; explicitFileType = wrapper.application; includeInIndex = 0; path = foodpin.app; sourceTree = BUILT_PRODUCTS_DIR; };
		88999CC41C8D63F700602D2F /* AppDelegate.swift */ = {isa = PBXFileReference; lastKnownFileType = sourcecode.swift; path = AppDelegate.swift; sourceTree = "<group>"; };
		88999CCB1C8D63F700602D2F /* Assets.xcassets */ = {isa = PBXFileReference; lastKnownFileType = folder.assetcatalog; path = Assets.xcassets; sourceTree = "<group>"; };
		88999CCE1C8D63F700602D2F /* Base */ = {isa = PBXFileReference; lastKnownFileType = file.storyboard; name = Base; path = Base.lproj/LaunchScreen.storyboard; sourceTree = "<group>"; };
		88999CD01C8D63F700602D2F /* Info.plist */ = {isa = PBXFileReference; lastKnownFileType = text.plist.xml; path = Info.plist; sourceTree = "<group>"; };
		88999CD61C8D652B00602D2F /* RestaurantTableViewController.swift */ = {isa = PBXFileReference; fileEncoding = 4; lastKnownFileType = sourcecode.swift; path = RestaurantTableViewController.swift; sourceTree = "<group>"; };
		88999CD81C8D700400602D2F /* CustomTableViewCell.swift */ = {isa = PBXFileReference; fileEncoding = 4; lastKnownFileType = sourcecode.swift; path = CustomTableViewCell.swift; sourceTree = "<group>"; };
/* End PBXFileReference section */

/* Begin PBXFrameworksBuildPhase section */
		8842D6921C9A995C0053A633 /* Frameworks */ = {
			isa = PBXFrameworksBuildPhase;
			buildActionMask = 2147483647;
			files = (
			);
			runOnlyForDeploymentPostprocessing = 0;
		};
		88999CBE1C8D63F700602D2F /* Frameworks */ = {
			isa = PBXFrameworksBuildPhase;
			buildActionMask = 2147483647;
			files = (
			);
			runOnlyForDeploymentPostprocessing = 0;
		};
/* End PBXFrameworksBuildPhase section */

/* Begin PBXGroup section */
		8842D6961C9A995C0053A633 /* foodpinTests */ = {
			isa = PBXGroup;
			children = (
				8842D6971C9A995C0053A633 /* foodpinTests.swift */,
				8842D6991C9A995C0053A633 /* Info.plist */,
			);
			path = foodpinTests;
			sourceTree = "<group>";
		};
		88999CB81C8D63F700602D2F = {
			isa = PBXGroup;
			children = (
				8842D6C31C9AA9DF0053A633 /* Restaurant+CoreDataProperties.swift */,
				8842D6C41C9AA9DF0053A633 /* Restaurant.swift */,
				8842D6891C9948D30053A633 /* MapKit.framework */,
				88999CC31C8D63F700602D2F /* foodpin */,
				8842D6961C9A995C0053A633 /* foodpinTests */,
				88999CC21C8D63F700602D2F /* Products */,
			);
			sourceTree = "<group>";
		};
		88999CC21C8D63F700602D2F /* Products */ = {
			isa = PBXGroup;
			children = (
				88999CC11C8D63F700602D2F /* foodpin.app */,
				8842D6951C9A995C0053A633 /* foodpinTests.xctest */,
			);
			name = Products;
			sourceTree = "<group>";
		};
		88999CC31C8D63F700602D2F /* foodpin */ = {
			isa = PBXGroup;
			children = (
				88999CC41C8D63F700602D2F /* AppDelegate.swift */,
				8842D6751C96A75F0053A633 /* DetailTableViewCell.swift */,
				8842D6731C96A0D00053A633 /* DetailTableViewController.swift */,
				8861F1E81C968B220042CEDF /* Restaurant1.swift */,
				8861F1E61C96640C0042CEDF /* DtailViewConViewController.swift */,
				8842D6871C9936890053A633 /* ReviewViewController.swift */,
				88999CD81C8D700400602D2F /* CustomTableViewCell.swift */,
				88999CD61C8D652B00602D2F /* RestaurantTableViewController.swift */,
				8842D6841C9903C40053A633 /* Main.storyboard */,
				8842D68F1C9A80CD0053A633 /* addNewTableViewController.swift */,
				8842D68B1C994C680053A633 /* MapViewController.swift */,
				88999CCB1C8D63F700602D2F /* Assets.xcassets */,
				88999CCD1C8D63F700602D2F /* LaunchScreen.storyboard */,
				88999CD01C8D63F700602D2F /* Info.plist */,
				8842D6C01C9AA7EB0053A633 /* foodpin.xcdatamodeld */,
			);
			path = foodpin;
			sourceTree = "<group>";
		};
/* End PBXGroup section */

/* Begin PBXNativeTarget section */
		8842D6941C9A995C0053A633 /* foodpinTests */ = {
			isa = PBXNativeTarget;
			buildConfigurationList = 8842D69C1C9A995C0053A633 /* Build configuration list for PBXNativeTarget "foodpinTests" */;
			buildPhases = (
				8842D6911C9A995C0053A633 /* Sources */,
				8842D6921C9A995C0053A633 /* Frameworks */,
				8842D6931C9A995C0053A633 /* Resources */,
			);
			buildRules = (
			);
			dependencies = (
				8842D69B1C9A995C0053A633 /* PBXTargetDependency */,
			);
			name = foodpinTests;
			productName = foodpinTests;
			productReference = 8842D6951C9A995C0053A633 /* foodpinTests.xctest */;
			productType = "com.apple.product-type.bundle.unit-test";
		};
		88999CC01C8D63F700602D2F /* foodpin */ = {
			isa = PBXNativeTarget;
			buildConfigurationList = 88999CD31C8D63F700602D2F /* Build configuration list for PBXNativeTarget "foodpin" */;
			buildPhases = (
				88999CBD1C8D63F700602D2F /* Sources */,
				88999CBE1C8D63F700602D2F /* Frameworks */,
				88999CBF1C8D63F700602D2F /* Resources */,
			);
			buildRules = (
			);
			dependencies = (
			);
			name = foodpin;
			productName = foodpin;
			productReference = 88999CC11C8D63F700602D2F /* foodpin.app */;
			productType = "com.apple.product-type.application";
		};
/* End PBXNativeTarget section */

/* Begin PBXProject section */
		88999CB91C8D63F700602D2F /* Project object */ = {
			isa = PBXProject;
			attributes = {
				LastSwiftUpdateCheck = 0720;
				LastUpgradeCheck = 0700;
				ORGANIZATIONNAME = Jesse;
				TargetAttributes = {
					8842D6941C9A995C0053A633 = {
						CreatedOnToolsVersion = 7.2.1;
						TestTargetID = 88999CC01C8D63F700602D2F;
					};
					88999CC01C8D63F700602D2F = {
						CreatedOnToolsVersion = 7.0;
						SystemCapabilities = {
							com.apple.Maps.iOS = {
								enabled = 1;
							};
						};
					};
				};
			};
			buildConfigurationList = 88999CBC1C8D63F700602D2F /* Build configuration list for PBXProject "foodpin" */;
			compatibilityVersion = "Xcode 3.2";
			developmentRegion = English;
			hasScannedForEncodings = 0;
			knownRegions = (
				en,
				Base,
			);
			mainGroup = 88999CB81C8D63F700602D2F;
			productRefGroup = 88999CC21C8D63F700602D2F /* Products */;
			projectDirPath = "";
			projectRoot = "";
			targets = (
				88999CC01C8D63F700602D2F /* foodpin */,
				8842D6941C9A995C0053A633 /* foodpinTests */,
			);
		};
/* End PBXProject section */

/* Begin PBXResourcesBuildPhase section */
		8842D6931C9A995C0053A633 /* Resources */ = {
			isa = PBXResourcesBuildPhase;
			buildActionMask = 2147483647;
			files = (
			);
			runOnlyForDeploymentPostprocessing = 0;
		};
		88999CBF1C8D63F700602D2F /* Resources */ = {
			isa = PBXResourcesBuildPhase;
			buildActionMask = 2147483647;
			files = (
				8842D6861C9903C40053A633 /* Main.storyboard in Resources */,
				88999CCF1C8D63F700602D2F /* LaunchScreen.storyboard in Resources */,
				88999CCC1C8D63F700602D2F /* Assets.xcassets in Resources */,
			);
			runOnlyForDeploymentPostprocessing = 0;
		};
/* End PBXResourcesBuildPhase section */

/* Begin PBXSourcesBuildPhase section */
		8842D6911C9A995C0053A633 /* Sources */ = {
			isa = PBXSourcesBuildPhase;
			buildActionMask = 2147483647;
			files = (
				8842D6981C9A995C0053A633 /* foodpinTests.swift in Sources */,
			);
			runOnlyForDeploymentPostprocessing = 0;
		};
		88999CBD1C8D63F700602D2F /* Sources */ = {
			isa = PBXSourcesBuildPhase;
			buildActionMask = 2147483647;
			files = (
				8842D6C61C9AA9DF0053A633 /* Restaurant.swift in Sources */,
				8842D6741C96A0D00053A633 /* DetailTableViewController.swift in Sources */,
				8861F1E91C968B220042CEDF /* Restaurant1.swift in Sources */,
				8842D6761C96A75F0053A633 /* DetailTableViewCell.swift in Sources */,
				88999CD91C8D700400602D2F /* CustomTableViewCell.swift in Sources */,
				8842D68C1C994C680053A633 /* MapViewController.swift in Sources */,
				88999CD71C8D652B00602D2F /* RestaurantTableViewController.swift in Sources */,
				8842D6C51C9AA9DF0053A633 /* Restaurant+CoreDataProperties.swift in Sources */,
				8842D6C21C9AA7EB0053A633 /* foodpin.xcdatamodeld in Sources */,
				8861F1E71C96640C0042CEDF /* DtailViewConViewController.swift in Sources */,
				8842D6881C9936890053A633 /* ReviewViewController.swift in Sources */,
				8842D6901C9A80CD0053A633 /* addNewTableViewController.swift in Sources */,
				88999CC51C8D63F700602D2F /* AppDelegate.swift in Sources */,
			);
			runOnlyForDeploymentPostprocessing = 0;
		};
/* End PBXSourcesBuildPhase section */

/* Begin PBXTargetDependency section */
		8842D69B1C9A995C0053A633 /* PBXTargetDependency */ = {
			isa = PBXTargetDependency;
			target = 88999CC01C8D63F700602D2F /* foodpin */;
			targetProxy = 8842D69A1C9A995C0053A633 /* PBXContainerItemProxy */;
		};
/* End PBXTargetDependency section */

/* Begin PBXVariantGroup section */
		8842D6841C9903C40053A633 /* Main.storyboard */ = {
			isa = PBXVariantGroup;
			children = (
				8842D6851C9903C40053A633 /* Base */,
			);
			name = Main.storyboard;
			sourceTree = "<group>";
		};
		88999CCD1C8D63F700602D2F /* LaunchScreen.storyboard */ = {
			isa = PBXVariantGroup;
			children = (
				88999CCE1C8D63F700602D2F /* Base */,
			);
			name = LaunchScreen.storyboard;
			sourceTree = "<group>";
		};
/* End PBXVariantGroup section */

/* Begin XCBuildConfiguration section */
		8842D69D1C9A995C0053A633 /* Debug */ = {
			isa = XCBuildConfiguration;
			buildSettings = {
				BUNDLE_LOADER = "$(TEST_HOST)";
				INFOPLIST_FILE = foodpinTests/Info.plist;
				IPHONEOS_DEPLOYMENT_TARGET = 9.2;
				LD_RUNPATH_SEARCH_PATHS = "$(inherited) @executable_path/Frameworks @loader_path/Frameworks";
				PRODUCT_BUNDLE_IDENTIFIER = com.jesse.foodpinTests;
				PRODUCT_NAME = "$(TARGET_NAME)";
				TEST_HOST = "$(BUILT_PRODUCTS_DIR)/foodpin.app/foodpin";
			};
			name = Debug;
		};
		8842D69E1C9A995C0053A633 /* Release */ = {
			isa = XCBuildConfiguration;
			buildSettings = {
				BUNDLE_LOADER = "$(TEST_HOST)";
				INFOPLIST_FILE = foodpinTests/Info.plist;
				IPHONEOS_DEPLOYMENT_TARGET = 9.2;
				LD_RUNPATH_SEARCH_PATHS = "$(inherited) @executable_path/Frameworks @loader_path/Frameworks";
				PRODUCT_BUNDLE_IDENTIFIER = com.jesse.foodpinTests;
				PRODUCT_NAME = "$(TARGET_NAME)";
				TEST_HOST = "$(BUILT_PRODUCTS_DIR)/foodpin.app/foodpin";
			};
			name = Release;
		};
		88999CD11C8D63F700602D2F /* Debug */ = {
			isa = XCBuildConfiguration;
			buildSettings = {
				ALWAYS_SEARCH_USER_PATHS = NO;
				CLANG_CXX_LANGUAGE_STANDARD = "gnu++0x";
				CLANG_CXX_LIBRARY = "libc++";
				CLANG_ENABLE_MODULES = YES;
				CLANG_ENABLE_OBJC_ARC = YES;
				CLANG_WARN_BOOL_CONVERSION = YES;
				CLANG_WARN_CONSTANT_CONVERSION = YES;
				CLANG_WARN_DIRECT_OBJC_ISA_USAGE = YES_ERROR;
				CLANG_WARN_EMPTY_BODY = YES;
				CLANG_WARN_ENUM_CONVERSION = YES;
				CLANG_WARN_INT_CONVERSION = YES;
				CLANG_WARN_OBJC_ROOT_CLASS = YES_ERROR;
				CLANG_WARN_UNREACHABLE_CODE = YES;
				CLANG_WARN__DUPLICATE_METHOD_MATCH = YES;
				"CODE_SIGN_IDENTITY[sdk=iphoneos*]" = "iPhone Developer";
				COPY_PHASE_STRIP = NO;
				DEBUG_INFORMATION_FORMAT = dwarf;
				ENABLE_STRICT_OBJC_MSGSEND = YES;
				ENABLE_TESTABILITY = YES;
				GCC_C_LANGUAGE_STANDARD = gnu99;
				GCC_DYNAMIC_NO_PIC = NO;
				GCC_NO_COMMON_BLOCKS = YES;
				GCC_OPTIMIZATION_LEVEL = 0;
				GCC_PREPROCESSOR_DEFINITIONS = (
					"DEBUG=1",
					"$(inherited)",
				);
				GCC_WARN_64_TO_32_BIT_CONVERSION = YES;
				GCC_WARN_ABOUT_RETURN_TYPE = YES_ERROR;
				GCC_WARN_UNDECLARED_SELECTOR = YES;
				GCC_WARN_UNINITIALIZED_AUTOS = YES_AGGRESSIVE;
				GCC_WARN_UNUSED_FUNCTION = YES;
				GCC_WARN_UNUSED_VARIABLE = YES;
				IPHONEOS_DEPLOYMENT_TARGET = 9.0;
				MTL_ENABLE_DEBUG_INFO = YES;
				ONLY_ACTIVE_ARCH = YES;
				SDKROOT = iphoneos;
				SWIFT_OPTIMIZATION_LEVEL = "-Onone";
				TARGETED_DEVICE_FAMILY = "1,2";
			};
			name = Debug;
		};
		88999CD21C8D63F700602D2F /* Release */ = {
			isa = XCBuildConfiguration;
			buildSettings = {
				ALWAYS_SEARCH_USER_PATHS = NO;
				CLANG_CXX_LANGUAGE_STANDARD = "gnu++0x";
				CLANG_CXX_LIBRARY = "libc++";
				CLANG_ENABLE_MODULES = YES;
				CLANG_ENABLE_OBJC_ARC = YES;
				CLANG_WARN_BOOL_CONVERSION = YES;
				CLANG_WARN_CONSTANT_CONVERSION = YES;
				CLANG_WARN_DIRECT_OBJC_ISA_USAGE = YES_ERROR;
				CLANG_WARN_EMPTY_BODY = YES;
				CLANG_WARN_ENUM_CONVERSION = YES;
				CLANG_WARN_INT_CONVERSION = YES;
				CLANG_WARN_OBJC_ROOT_CLASS = YES_ERROR;
				CLANG_WARN_UNREACHABLE_CODE = YES;
				CLANG_WARN__DUPLICATE_METHOD_MATCH = YES;
				"CODE_SIGN_IDENTITY[sdk=iphoneos*]" = "iPhone Developer";
				COPY_PHASE_STRIP = NO;
				DEBUG_INFORMATION_FORMAT = "dwarf-with-dsym";
				ENABLE_NS_ASSERTIONS = NO;
				ENABLE_STRICT_OBJC_MSGSEND = YES;
				GCC_C_LANGUAGE_STANDARD = gnu99;
				GCC_NO_COMMON_BLOCKS = YES;
				GCC_WARN_64_TO_32_BIT_CONVERSION = YES;
				GCC_WARN_ABOUT_RETURN_TYPE = YES_ERROR;
				GCC_WARN_UNDECLARED_SELECTOR = YES;
				GCC_WARN_UNINITIALIZED_AUTOS = YES_AGGRESSIVE;
				GCC_WARN_UNUSED_FUNCTION = YES;
				GCC_WARN_UNUSED_VARIABLE = YES;
				IPHONEOS_DEPLOYMENT_TARGET = 9.0;
				MTL_ENABLE_DEBUG_INFO = NO;
				SDKROOT = iphoneos;
				TARGETED_DEVICE_FAMILY = "1,2";
				VALIDATE_PRODUCT = YES;
			};
			name = Release;
		};
		88999CD41C8D63F700602D2F /* Debug */ = {
			isa = XCBuildConfiguration;
			buildSettings = {
				ASSETCATALOG_COMPILER_APPICON_NAME = AppIcon;
				EMBEDDED_CONTENT_CONTAINS_SWIFT = YES;
				INFOPLIST_FILE = foodpin/Info.plist;
				LD_RUNPATH_SEARCH_PATHS = "$(inherited) @executable_path/Frameworks";
				PRODUCT_BUNDLE_IDENTIFIER = com.jesse.foodpin;
				PRODUCT_NAME = "$(TARGET_NAME)";
			};
			name = Debug;
		};
		88999CD51C8D63F700602D2F /* Release */ = {
			isa = XCBuildConfiguration;
			buildSettings = {
				ASSETCATALOG_COMPILER_APPICON_NAME = AppIcon;
				EMBEDDED_CONTENT_CONTAINS_SWIFT = YES;
				INFOPLIST_FILE = foodpin/Info.plist;
				LD_RUNPATH_SEARCH_PATHS = "$(inherited) @executable_path/Frameworks";
				PRODUCT_BUNDLE_IDENTIFIER = com.jesse.foodpin;
				PRODUCT_NAME = "$(TARGET_NAME)";
			};
			name = Release;
		};
/* End XCBuildConfiguration section */

/* Begin XCConfigurationList section */
		8842D69C1C9A995C0053A633 /* Build configuration list for PBXNativeTarget "foodpinTests" */ = {
			isa = XCConfigurationList;
			buildConfigurations = (
				8842D69D1C9A995C0053A633 /* Debug */,
				8842D69E1C9A995C0053A633 /* Release */,
			);
			defaultConfigurationIsVisible = 0;
		};
		88999CBC1C8D63F700602D2F /* Build configuration list for PBXProject "foodpin" */ = {
			isa = XCConfigurationList;
			buildConfigurations = (
				88999CD11C8D63F700602D2F /* Debug */,
				88999CD21C8D63F700602D2F /* Release */,
			);
			defaultConfigurationIsVisible = 0;
			defaultConfigurationName = Release;
		};
		88999CD31C8D63F700602D2F /* Build configuration list for PBXNativeTarget "foodpin" */ = {
			isa = XCConfigurationList;
			buildConfigurations = (
				88999CD41C8D63F700602D2F /* Debug */,
				88999CD51C8D63F700602D2F /* Release */,
			);
			defaultConfigurationIsVisible = 0;
			defaultConfigurationName = Release;
		};
/* End XCConfigurationList section */

/* Begin XCVersionGroup section */
		8842D6C01C9AA7EB0053A633 /* foodpin.xcdatamodeld */ = {
			isa = XCVersionGroup;
			children = (
				8842D6C11C9AA7EB0053A633 /* foodpin.xcdatamodel */,
			);
			currentVersion = 8842D6C11C9AA7EB0053A633 /* foodpin.xcdatamodel */;
			path = foodpin.xcdatamodeld;
			sourceTree = "<group>";
			versionGroupType = wrapper.xcdatamodel;
		};
/* End XCVersionGroup section */
	};
	rootObject = 88999CB91C8D63F700602D2F /* Project object */;
}
